# Generated by pub
# See https://dart.dev/tools/pub/glossary#lockfile
packages:
  async:
    dependency: transitive
    description:
      name: async
      sha256: bfe67ef28df125b7dddcea62755991f807aa39a2492a23e1550161692950bbe0
      url: "https://pub.dev"
    source: hosted
    version: "2.10.0"
  cached_network_image:
    dependency: "direct main"
    description:
      name: cached_network_image
      sha256: fd3d0dc1d451f9a252b32d95d3f0c3c487bc41a75eba2e6097cb0b9c71491b15
      url: "https://pub.dev"
    source: hosted
    version: "3.2.3"
  cached_network_image_platform_interface:
    dependency: transitive
    description:
      name: cached_network_image_platform_interface
      sha256: bb2b8403b4ccdc60ef5f25c70dead1f3d32d24b9d6117cfc087f496b178594a7
      url: "https://pub.dev"
    source: hosted
    version: "2.0.0"
  cached_network_image_web:
    dependency: transitive
    description:
      name: cached_network_image_web
      sha256: b8eb814ebfcb4dea049680f8c1ffb2df399e4d03bf7a352c775e26fa06e02fa0
      url: "https://pub.dev"
    source: hosted
    version: "1.0.2"
  characters:
    dependency: transitive
    description:
      name: characters
      sha256: "04a925763edad70e8443c99234dc3328f442e811f1d8fd1a72f1c8ad0f69a605"
      url: "https://pub.dev"
    source: hosted
    version: "1.3.0"
  clock:
    dependency: transitive
    description:
      name: clock
      sha256: cb6d7f03e1de671e34607e909a7213e31d7752be4fb66a86d29fe1eb14bfb5cf
      url: "https://pub.dev"
    source: hosted
    version: "1.1.1"
  collection:
    dependency: transitive
    description:
      name: collection
      sha256: "4a07be6cb69c84d677a6c3096fcf960cc3285a8330b4603e0d463d15d9bd934c"
      url: "https://pub.dev"
    source: hosted
    version: "1.17.1"
  crypto:
    dependency: transitive
    description:
      name: crypto
      sha256: cf75650c66c0316274e21d7c43d3dea246273af5955bd94e8184837cd577575c
      url: "https://pub.dev"
    source: hosted
    version: "3.0.1"
  cupertino_icons:
    dependency: "direct main"
    description:
      name: cupertino_icons
      sha256: caac504f942f41dfadcf45229ce8c47065b93919a12739f20d6173a883c5ec73
      url: "https://pub.dev"
    source: hosted
    version: "1.0.2"
  enhanced_http:
    dependency: "direct main"
    description:
      path: ".."
      relative: true
    source: path
    version: "4.1.0"
  ffi:
    dependency: transitive
    description:
      name: ffi
      sha256: "35d0f481d939de0d640b3db9a7aa36a52cd22054a798a73b4f50bdad5ce12678"
      url: "https://pub.dev"
    source: hosted
    version: "1.1.2"
  file:
    dependency: transitive
    description:
      name: file
      sha256: b69516f2c26a5bcac4eee2e32512e1a5205ab312b3536c1c1227b2b942b5f9ad
      url: "https://pub.dev"
    source: hosted
    version: "6.1.2"
  flutter:
    dependency: "direct main"
    description: flutter
    source: sdk
    version: "0.0.0"
  flutter_blurhash:
    dependency: transitive
    description:
      name: flutter_blurhash
      sha256: "1a4a4973320803a24b68596c755500c0e55dc02007038257a2a98dffc196a4ed"
      url: "https://pub.dev"
    source: hosted
    version: "0.6.4"
  flutter_cache_manager:
    dependency: transitive
    description:
      name: flutter_cache_manager
      sha256: "32cd900555219333326a2d0653aaaf8671264c29befa65bbd9856d204a4c9fb3"
      url: "https://pub.dev"
    source: hosted
    version: "3.3.0"
  http:
    dependency: transitive
    description:
      name: http
      sha256: "5895291c13fa8a3bd82e76d5627f69e0d85ca6a30dcac95c4ea19a5d555879c2"
      url: "https://pub.dev"
    source: hosted
    version: "0.13.6"
  http_parser:
    dependency: transitive
    description:
      name: http_parser
      sha256: "2aa08ce0341cc9b354a498388e30986515406668dbcc4f7c950c3e715496693b"
      url: "https://pub.dev"
    source: hosted
    version: "4.0.2"
  js:
    dependency: transitive
    description:
      name: js
      sha256: f2c445dce49627136094980615a031419f7f3eb393237e4ecd97ac15dea343f3
      url: "https://pub.dev"
    source: hosted
    version: "0.6.7"
  material_color_utilities:
    dependency: transitive
    description:
      name: material_color_utilities
      sha256: d92141dc6fe1dad30722f9aa826c7fbc896d021d792f80678280601aff8cf724
      url: "https://pub.dev"
    source: hosted
    version: "0.2.0"
  meta:
    dependency: transitive
    description:
      name: meta
      sha256: "3c74dbf8763d36539f114c799d8a2d87343b5067e9d796ca22b5eb8437090ee3"
      url: "https://pub.dev"
    source: hosted
    version: "1.9.1"
  octo_image:
    dependency: transitive
    description:
      name: octo_image
      sha256: a4d69f0677d742a5c76b26430aeae9420656226f8b6add0f3d9a7c6309f35012
      url: "https://pub.dev"
    source: hosted
    version: "1.0.1"
  path:
    dependency: transitive
    description:
      name: path
      sha256: "8829d8a55c13fc0e37127c29fedf290c102f4e40ae94ada574091fe0ff96c917"
      url: "https://pub.dev"
    source: hosted
    version: "1.8.3"
  path_provider:
    dependency: transitive
    description:
      name: path_provider
      sha256: e92dee4d38a9044605cb3fb253e9b46eb9375dfcad4515d0379b44ac90797568
      url: "https://pub.dev"
    source: hosted
    version: "2.0.9"
  path_provider_android:
    dependency: transitive
    description:
      name: path_provider_android
      sha256: "8b759fb6c74955931e87f550cc9e890b0cccb7ef8e710943973efeaa9695c54d"
      url: "https://pub.dev"
    source: hosted
    version: "2.0.12"
  path_provider_ios:
    dependency: transitive
    description:
      name: path_provider_ios
      sha256: "943b76e54056386432cdc2731cb303e2f580346b61a1fc73819721767be72309"
      url: "https://pub.dev"
    source: hosted
    version: "2.0.8"
  path_provider_linux:
    dependency: transitive
    description:
      name: path_provider_linux
      sha256: "1e109f4df28bd95eab71e323008b53d19c4d633bc1ab05b577518773474e9621"
      url: "https://pub.dev"
    source: hosted
    version: "2.1.5"
  path_provider_macos:
    dependency: transitive
    description:
      name: path_provider_macos
      sha256: "0adeb313e1f2c3fc52baeeee59b0fe9c2d1f7da56fd96a9234e1702ec653a453"
      url: "https://pub.dev"
    source: hosted
    version: "2.0.5"
  path_provider_platform_interface:
    dependency: transitive
    description:
      name: path_provider_platform_interface
      sha256: "3dc0d51b07f85fec3746d9f4e8d31c73bb173cafa2e763f03f8df2e8d1878882"
      url: "https://pub.dev"
    source: hosted
    version: "2.0.3"
  path_provider_windows:
    dependency: transitive
    description:
      name: path_provider_windows
      sha256: "366ad4e3541ea707f859e7148d4d5aba67d589d7936cee04a05c464a277eeb27"
      url: "https://pub.dev"
    source: hosted
    version: "2.0.5"
  pedantic:
    dependency: transitive
    description:
      name: pedantic
      sha256: "67fc27ed9639506c856c840ccce7594d0bdcd91bc8d53d6e52359449a1d50602"
      url: "https://pub.dev"
    source: hosted
    version: "1.11.1"
  platform:
    dependency: transitive
    description:
      name: platform
      sha256: "4a451831508d7d6ca779f7ac6e212b4023dd5a7d08a27a63da33756410e32b76"
      url: "https://pub.dev"
    source: hosted
    version: "3.1.0"
  plugin_platform_interface:
    dependency: transitive
    description:
      name: plugin_platform_interface
      sha256: "075f927ebbab4262ace8d0b283929ac5410c0ac4e7fc123c76429564facfb757"
      url: "https://pub.dev"
    source: hosted
    version: "2.1.2"
  process:
    dependency: transitive
    description:
      name: process
      sha256: "53fd8db9cec1d37b0574e12f07520d582019cb6c44abf5479a01505099a34a09"
      url: "https://pub.dev"
    source: hosted
    version: "4.2.4"
  rxdart:
    dependency: transitive
    description:
      name: rxdart
      sha256: bc2d2b17b87fab32e2dca53ca3066d3147de6f96c74d76cfe1a379a24239c46d
      url: "https://pub.dev"
    source: hosted
    version: "0.27.3"
  sky_engine:
    dependency: transitive
    description: flutter
    source: sdk
    version: "0.0.99"
  source_span:
    dependency: transitive
    description:
      name: source_span
      sha256: dd904f795d4b4f3b870833847c461801f6750a9fa8e61ea5ac53f9422b31f250
      url: "https://pub.dev"
    source: hosted
    version: "1.9.1"
  sqflite:
    dependency: transitive
    description:
      name: sqflite
      sha256: f83e4c46d693b02436348a3a8693fa0fa50b0d98eeb55afc7579b70b0d8967f6
      url: "https://pub.dev"
    source: hosted
    version: "2.0.2"
  sqflite_common:
    dependency: transitive
    description:
      name: sqflite_common
      sha256: "726bb7ae451aa31aae9442c6c658b80992d7933dd9d2e770d41244d9e5d8ba4e"
      url: "https://pub.dev"
    source: hosted
    version: "2.2.1"
  string_scanner:
    dependency: transitive
    description:
      name: string_scanner
      sha256: "556692adab6cfa87322a115640c11f13cb77b3f076ddcc5d6ae3c20242bedcde"
      url: "https://pub.dev"
    source: hosted
    version: "1.2.0"
  synchronized:
    dependency: transitive
    description:
      name: synchronized
      sha256: a7f0790927c0806ae0d5eb061c713748fa6070ef0037e391a2d53c3844c09dc2
      url: "https://pub.dev"
    source: hosted
    version: "3.0.0+2"
  term_glyph:
    dependency: transitive
    description:
      name: term_glyph
      sha256: a29248a84fbb7c79282b40b8c72a1209db169a2e0542bce341da992fe1bc7e84
      url: "https://pub.dev"
    source: hosted
    version: "1.2.1"
  typed_data:
    dependency: transitive
    description:
      name: typed_data
      sha256: "53bdf7e979cfbf3e28987552fd72f637e63f3c8724c9e56d9246942dc2fa36ee"
      url: "https://pub.dev"
    source: hosted
    version: "1.3.0"
  uuid:
    dependency: transitive
    description:
      name: uuid
      sha256: "2469694ad079893e3b434a627970c33f2fa5adc46dfe03c9617546969a9a8afc"
      url: "https://pub.dev"
    source: hosted
    version: "3.0.6"
  vector_math:
    dependency: transitive
    description:
      name: vector_math
      sha256: "80b3257d1492ce4d091729e3a67a60407d227c27241d6927be0130c98e741803"
      url: "https://pub.dev"
    source: hosted
    version: "2.1.4"
  win32:
    dependency: transitive
    description:
      name: win32
      sha256: "1709e736470cadbeefb717fb7936d014132d8a818de40f4be2f549a92ba50e82"
      url: "https://pub.dev"
    source: hosted
    version: "2.5.1"
  xdg_directories:
    dependency: transitive
    description:
      name: xdg_directories
      sha256: "060b6e1c891d956f72b5ac9463466c37cce3fa962a921532fc001e86fe93438e"
      url: "https://pub.dev"
    source: hosted
    version: "0.2.0+1"
sdks:
  dart: ">=3.0.0-0 <3.7.0"
  flutter: ">=3.3.0"
